PODS:
  - HelloWorld_testingPod (0.1.0)

DEPENDENCIES:
  - HelloWorld_testingPod (from `../`)

EXTERNAL SOURCES:
  HelloWorld_testingPod:
    :path: ../

SPEC CHECKSUMS:
  HelloWorld_testingPod: 38f01ffbaa6c766f77c19ca83e9b613bf26320ee

PODFILE CHECKSUM: 75eaab89ff0054e6075cb857de187edd46c48b10

COCOAPODS: 1.3.1
